
Microsoft Visual Studio Solution File, Format Version 12.00
# Visual Studio Version 17
VisualStudioVersion = 17.11.35327.3
MinimumVisualStudioVersion = 10.0.40219.1
Project("{FAE04EC0-301F-11D3-BF4B-00C04F79EFBC}") = "Backend", "Backend\Backend.csproj", "{91CE324A-3BDE-4647-BE49-26E765FA9A85}"
EndProject
Global
	GlobalSection(SolutionConfigurationPlatforms) = preSolution
		Debug|Any CPU = Debug|Any CPU
		Release|Any CPU = Release|Any CPU
	EndGlobalSection
	GlobalSection(ProjectConfigurationPlatforms) = postSolution
		{91CE324A-3BDE-4647-BE49-26E765FA9A85}.Debug|Any CPU.ActiveCfg = Debug|Any CPU
		{91CE324A-3BDE-4647-BE49-26E765FA9A85}.Debug|Any CPU.Build.0 = Debug|Any CPU
		{91CE324A-3BDE-4647-BE49-26E765FA9A85}.Release|Any CPU.ActiveCfg = Release|Any CPU
		{91CE324A-3BDE-4647-BE49-26E765FA9A85}.Release|Any CPU.Build.0 = Release|Any CPU
	EndGlobalSection
	GlobalSection(SolutionProperties) = preSolution
		HideSolutionNode = FALSE
	EndGlobalSection
	GlobalSection(ExtensibilityGlobals) = postSolution
		SolutionGuid = {41D2D567-CBDF-498F-BDB6-4D0711CC4295}
	EndGlobalSection
EndGlobal
