
Microsoft Visual Studio Solution File, Format Version 12.00
# Visual Studio Version 17
VisualStudioVersion = 17.11.35303.130
MinimumVisualStudioVersion = 10.0.40219.1
Project("{FAE04EC0-301F-11D3-BF4B-00C04F79EFBC}") = "DapperDemo", "DapperDemo.csproj", "{29F6B017-4489-43D1-92B3-A261D1C649BC}"
EndProject
Project("{FAE04EC0-301F-11D3-BF4B-00C04F79EFBC}") = "AccesoDatos", "..\AccesoDatos\AccesoDatos.csproj", "{7109F45B-8A2C-4950-BC7B-FA913DC02A54}"
EndProject
Global
	GlobalSection(SolutionConfigurationPlatforms) = preSolution
		Debug|Any CPU = Debug|Any CPU
		Release|Any CPU = Release|Any CPU
	EndGlobalSection
	GlobalSection(ProjectConfigurationPlatforms) = postSolution
		{29F6B017-4489-43D1-92B3-A261D1C649BC}.Debug|Any CPU.ActiveCfg = Debug|Any CPU
		{29F6B017-4489-43D1-92B3-A261D1C649BC}.Debug|Any CPU.Build.0 = Debug|Any CPU
		{29F6B017-4489-43D1-92B3-A261D1C649BC}.Release|Any CPU.ActiveCfg = Release|Any CPU
		{29F6B017-4489-43D1-92B3-A261D1C649BC}.Release|Any CPU.Build.0 = Release|Any CPU
		{7109F45B-8A2C-4950-BC7B-FA913DC02A54}.Debug|Any CPU.ActiveCfg = Debug|Any CPU
		{7109F45B-8A2C-4950-BC7B-FA913DC02A54}.Debug|Any CPU.Build.0 = Debug|Any CPU
		{7109F45B-8A2C-4950-BC7B-FA913DC02A54}.Release|Any CPU.ActiveCfg = Release|Any CPU
		{7109F45B-8A2C-4950-BC7B-FA913DC02A54}.Release|Any CPU.Build.0 = Release|Any CPU
	EndGlobalSection
	GlobalSection(SolutionProperties) = preSolution
		HideSolutionNode = FALSE
	EndGlobalSection
	GlobalSection(ExtensibilityGlobals) = postSolution
		SolutionGuid = {C2A20F0D-5F4E-4BD3-BD4D-C78732F1B672}
	EndGlobalSection
EndGlobal
