
Microsoft Visual Studio Solution File, Format Version 12.00
# Visual Studio Version 17
VisualStudioVersion = 17.6.33829.357
MinimumVisualStudioVersion = 10.0.40219.1
Project("{9A19103F-16F7-4668-BE54-9A1E7A4F7556}") = "Metodo_first", "Metodo_first\Metodo_first.csproj", "{33813B0C-418E-4DB1-B1BD-F19A22E7B50E}"
EndProject
Project("{FAE04EC0-301F-11D3-BF4B-00C04F79EFBC}") = "Metodo Last y LastOrDefault", "Metodo Last y LastOrDefault\Metodo Last y LastOrDefault.csproj", "{E93DC4B1-5CA4-42C9-97E3-C8BD8B99A5BF}"
EndProject
Global
	GlobalSection(SolutionConfigurationPlatforms) = preSolution
		Debug|Any CPU = Debug|Any CPU
		Release|Any CPU = Release|Any CPU
	EndGlobalSection
	GlobalSection(ProjectConfigurationPlatforms) = postSolution
		{33813B0C-418E-4DB1-B1BD-F19A22E7B50E}.Debug|Any CPU.ActiveCfg = Debug|Any CPU
		{33813B0C-418E-4DB1-B1BD-F19A22E7B50E}.Debug|Any CPU.Build.0 = Debug|Any CPU
		{33813B0C-418E-4DB1-B1BD-F19A22E7B50E}.Release|Any CPU.ActiveCfg = Release|Any CPU
		{33813B0C-418E-4DB1-B1BD-F19A22E7B50E}.Release|Any CPU.Build.0 = Release|Any CPU
		{E93DC4B1-5CA4-42C9-97E3-C8BD8B99A5BF}.Debug|Any CPU.ActiveCfg = Debug|Any CPU
		{E93DC4B1-5CA4-42C9-97E3-C8BD8B99A5BF}.Debug|Any CPU.Build.0 = Debug|Any CPU
		{E93DC4B1-5CA4-42C9-97E3-C8BD8B99A5BF}.Release|Any CPU.ActiveCfg = Release|Any CPU
		{E93DC4B1-5CA4-42C9-97E3-C8BD8B99A5BF}.Release|Any CPU.Build.0 = Release|Any CPU
	EndGlobalSection
	GlobalSection(SolutionProperties) = preSolution
		HideSolutionNode = FALSE
	EndGlobalSection
	GlobalSection(ExtensibilityGlobals) = postSolution
		SolutionGuid = {67E4EC4C-AC03-4D0D-9FCB-BCFE2F4EDB97}
	EndGlobalSection
EndGlobal
